{
  "name": "skylark-parsers-html",
  "version": "0.9.0",
  "lockfileVersion": 1,
  "requires": true,
  "dependencies": {
    "skylark-langx": {
      "version": "git+https://github.com/skylarklangx/skylark-langx.git#409b7ec759480a29a8b995fe18191b86a9dbcf4a",
      "from": "git+https://github.com/skylarklangx/skylark-langx.git#master",
      "dev": true
    },
    "skylark-parsers-css": {
      "version": "git+https://github.com/skylark-parsers/skylark-parsers-css.git#fe9dd39947e2a4a84a18f9ec5668cd5126d1c9a8",
      "from": "git+https://github.com/skylark-parsers/skylark-parsers-css.git#master",
      "dev": true
    },
    "skylark-parsers-javascript": {
      "version": "git+https://github.com/skylark-parsers/skylark-parsers-javascript.git#8ba52990ba7cebaefc507da42d9d4f58c59b025f",
      "from": "git+https://github.com/skylark-parsers/skylark-parsers-javascript.git#master",
      "dev": true
    }
  }
}
